{"is_source_file": false, "format": "", "description": "", "external_files": [], "external_methods": [], "published": [], "classes": [], "methods": [], "calls": [], "search-terms": [], "state": 2, "file_id": 9, "knowledge_revision": 24, "git_revision": "f0b85872c9aad23778a4da6876518ad51e4c3ce0", "hash": "9c4ed7ef73e22b872b8055bec08b8979", "format-version": 4, "code-base-name": "default", "filename": "weather_mood_sync/post_process_status.lock", "revision_history": [{"24": "f0b85872c9aad23778a4da6876518ad51e4c3ce0"}]}